{
  "name": "@sse-editor/dom",
  "version": "1.0.0",
  "lockfileVersion": 3,
  "requires": true,
  "packages": {
    "": {
      "name": "@sse-editor/dom",
      "version": "1.0.0",
      "license": "MIT",
      "dependencies": {
        "@sse-editor/helpers": "^1.0.1"
      }
    },
    "node_modules/@sse-editor/helpers": {
      "version": "1.0.1",
      "resolved": "https://registry.npmjs.org/@sse-editor/helpers/-/helpers-1.0.1.tgz",
      "integrity": "sha512-Vr9QmNP+G8hAqyGZiEuhsuiH/pQowNpXxAHKk/0vGe0afxJEPA/59MSt8iMe8zyuA36gdpIPYwxvx8pvLpIVsw=="
    }
  }
}
